dependencies:
- name: app
  repository: file://../_app
  version: 0.1.0
- name: anycable-rpc
  repository: file://../_anycable-rpc
  version: 0.1.0
- name: sidekiq
  repository: file://../_sidekiq
  version: 0.1.0
- name: sidekiq
  repository: file://../_sidekiq
  version: 0.1.0
- name: claims-ai
  repository: file://../_claims-ai
  version: 0.1.0
- name: crunchy-postgres
  repository: https://bcgov.github.io/crunchy-postgres/
  version: 0.6.1
- name: redis
  repository: https://charts.bitnami.com/bitnami
  version: 18.16.1
- name: elasticsearch
  repository: https://charts.bitnami.com/bitnami
  version: 19.19.3
- name: anycable-go
  repository: https://helm.anycable.io/
  version: 0.5.11
- name: clamav
  repository: file://../_clamav
  version: 0.1.0
digest: sha256:0d699477c5bcdf800a780f916e8998b50f8766df0b8da55df66268d8428d9d03
generated: "2026-03-16T13:00:39.667810996-07:00"
